
Microsoft Visual Studio Solution File, Format Version 12.00
# Visual Studio Version 16
VisualStudioVersion = 16.0.29613.14
MinimumVisualStudioVersion = 10.0.40219.1
Project("{8BC9CEB8-8B4A-11D0-8D11-00A0C91BC942}") = "BSheep", "BSheep\BSheep.vcxproj", "{249390EE-DDE9-44B2-B0A3-51AB9BDCE13F}"
EndProject
Global
	GlobalSection(SolutionConfigurationPlatforms) = preSolution
		Debug|x64 = Debug|x64
		Debug|x86 = Debug|x86
		Release|x64 = Release|x64
		Release|x86 = Release|x86
	EndGlobalSection
	GlobalSection(ProjectConfigurationPlatforms) = postSolution
		{249390EE-DDE9-44B2-B0A3-51AB9BDCE13F}.Debug|x64.ActiveCfg = Debug|x64
		{249390EE-DDE9-44B2-B0A3-51AB9BDCE13F}.Debug|x64.Build.0 = Debug|x64
		{249390EE-DDE9-44B2-B0A3-51AB9BDCE13F}.Debug|x86.ActiveCfg = Debug|Win32
		{249390EE-DDE9-44B2-B0A3-51AB9BDCE13F}.Debug|x86.Build.0 = Debug|Win32
		{249390EE-DDE9-44B2-B0A3-51AB9BDCE13F}.Release|x64.ActiveCfg = Release|x64
		{249390EE-DDE9-44B2-B0A3-51AB9BDCE13F}.Release|x64.Build.0 = Release|x64
		{249390EE-DDE9-44B2-B0A3-51AB9BDCE13F}.Release|x86.ActiveCfg = Release|Win32
		{249390EE-DDE9-44B2-B0A3-51AB9BDCE13F}.Release|x86.Build.0 = Release|Win32
	EndGlobalSection
	GlobalSection(SolutionProperties) = preSolution
		HideSolutionNode = FALSE
	EndGlobalSection
	GlobalSection(ExtensibilityGlobals) = postSolution
		SolutionGuid = {A03E188D-46C1-457A-ABFC-AEE2881C89BD}
	EndGlobalSection
EndGlobal
